// !$*UTF8*$!
{
	archiveVersion = 1;
	classes = {
	};
	objectVersion = 46;
	objects = {

/* Begin PBXBuildFile section */
		66111E7D1527696F00F49023 /* TextMatchReadMe.txt in Resources */ = {isa = PBXBuildFile; fileRef = 66111E7C1527696F00F49023 /* TextMatchReadMe.txt */; };
		66D6DFD31526DCC8003200EB /* UIKit.framework in Frameworks */ = {isa = PBXBuildFile; fileRef = 66D6DFD21526DCC8003200EB /* UIKit.framework */; };
		66D6DFD51526DCC8003200EB /* Foundation.framework in Frameworks */ = {isa = PBXBuildFile; fileRef = 66D6DFD41526DCC8003200EB /* Foundation.framework */; };
		66D6DFD71526DCC8003200EB /* CoreGraphics.framework in Frameworks */ = {isa = PBXBuildFile; fileRef = 66D6DFD61526DCC8003200EB /* CoreGraphics.framework */; };
		66D6DFDD1526DCC8003200EB /* InfoPlist.strings in Resources */ = {isa = PBXBuildFile; fileRef = 66D6DFDB1526DCC8003200EB /* InfoPlist.strings */; };
		66D6DFDF1526DCC8003200EB /* main.m in Sources */ = {isa = PBXBuildFile; fileRef = 66D6DFDE1526DCC8003200EB /* main.m */; };
		66D6DFE31526DCC8003200EB /* AppDelegate.m in Sources */ = {isa = PBXBuildFile; fileRef = 66D6DFE21526DCC8003200EB /* AppDelegate.m */; };
		66D6DFE61526DCC8003200EB /* MainStoryboard.storyboard in Resources */ = {isa = PBXBuildFile; fileRef = 66D6DFE41526DCC8003200EB /* MainStoryboard.storyboard */; };
		66D6DFE91526DCC8003200EB /* ViewController.m in Sources */ = {isa = PBXBuildFile; fileRef = 66D6DFE81526DCC8003200EB /* ViewController.m */; };
		66D6DFF01526F20F003200EB /* fly1omin.png in Resources */ = {isa = PBXBuildFile; fileRef = 66D6DFEF1526F20F003200EB /* fly1omin.png */; };
		66D6DFFC152702DC003200EB /* fly4mino.png in Resources */ = {isa = PBXBuildFile; fileRef = 66D6DFFB152702DC003200EB /* fly4mino.png */; };
/* End PBXBuildFile section */

/* Begin PBXFileReference section */
		66111E7C1527696F00F49023 /* TextMatchReadMe.txt */ = {isa = PBXFileReference; fileEncoding = 4; lastKnownFileType = text; name = TextMatchReadMe.txt; path = ../../../../Desktop/TextMatchReadMe.txt; sourceTree = "<group>"; };
		66D6DFCE1526DCC8003200EB /* TextMatch.app */ = {isa = PBXFileReference; explicitFileType = wrapper.application; includeInIndex = 0; path = TextMatch.app; sourceTree = BUILT_PRODUCTS_DIR; };
		66D6DFD21526DCC8003200EB /* UIKit.framework */ = {isa = PBXFileReference; lastKnownFileType = wrapper.framework; name = UIKit.framework; path = System/Library/Frameworks/UIKit.framework; sourceTree = SDKROOT; };
		66D6DFD41526DCC8003200EB /* Foundation.framework */ = {isa = PBXFileReference; lastKnownFileType = wrapper.framework; name = Foundation.framework; path = System/Library/Frameworks/Foundation.framework; sourceTree = SDKROOT; };
		66D6DFD61526DCC8003200EB /* CoreGraphics.framework */ = {isa = PBXFileReference; lastKnownFileType = wrapper.framework; name = CoreGraphics.framework; path = System/Library/Frameworks/CoreGraphics.framework; sourceTree = SDKROOT; };
		66D6DFDA1526DCC8003200EB /* TextMatch-Info.plist */ = {isa = PBXFileReference; lastKnownFileType = text.plist.xml; path = "TextMatch-Info.plist"; sourceTree = "<group>"; };
		66D6DFDC1526DCC8003200EB /* en */ = {isa = PBXFileReference; lastKnownFileType = text.plist.strings; name = en; path = en.lproj/InfoPlist.strings; sourceTree = "<group>"; };
		66D6DFDE1526DCC8003200EB /* main.m */ = {isa = PBXFileReference; lastKnownFileType = sourcecode.c.objc; path = main.m; sourceTree = "<group>"; };
		66D6DFE01526DCC8003200EB /* TextMatch-Prefix.pch */ = {isa = PBXFileReference; lastKnownFileType = sourcecode.c.h; path = "TextMatch-Prefix.pch"; sourceTree = "<group>"; };
		66D6DFE11526DCC8003200EB /* AppDelegate.h */ = {isa = PBXFileReference; lastKnownFileType = sourcecode.c.h; path = AppDelegate.h; sourceTree = "<group>"; };
		66D6DFE21526DCC8003200EB /* AppDelegate.m */ = {isa = PBXFileReference; lastKnownFileType = sourcecode.c.objc; path = AppDelegate.m; sourceTree = "<group>"; };
		66D6DFE51526DCC8003200EB /* en */ = {isa = PBXFileReference; lastKnownFileType = file.storyboard; name = en; path = en.lproj/MainStoryboard.storyboard; sourceTree = "<group>"; };
		66D6DFE71526DCC8003200EB /* ViewController.h */ = {isa = PBXFileReference; lastKnownFileType = sourcecode.c.h; path = ViewController.h; sourceTree = "<group>"; };
		66D6DFE81526DCC8003200EB /* ViewController.m */ = {isa = PBXFileReference; lastKnownFileType = sourcecode.c.objc; path = ViewController.m; sourceTree = "<group>"; };
		66D6DFEF1526F20F003200EB /* fly1omin.png */ = {isa = PBXFileReference; lastKnownFileType = image.png; path = fly1omin.png; sourceTree = "<group>"; };
		66D6DFFB152702DC003200EB /* fly4mino.png */ = {isa = PBXFileReference; lastKnownFileType = image.png; path = fly4mino.png; sourceTree = "<group>"; };
/* End PBXFileReference section */

/* Begin PBXFrameworksBuildPhase section */
		66D6DFCB1526DCC8003200EB /* Frameworks */ = {
			isa = PBXFrameworksBuildPhase;
			buildActionMask = 2147483647;
			files = (
				66D6DFD31526DCC8003200EB /* UIKit.framework in Frameworks */,
				66D6DFD51526DCC8003200EB /* Foundation.framework in Frameworks */,
				66D6DFD71526DCC8003200EB /* CoreGraphics.framework in Frameworks */,
			);
			runOnlyForDeploymentPostprocessing = 0;
		};
/* End PBXFrameworksBuildPhase section */

/* Begin PBXGroup section */
		66D6DFC31526DCC8003200EB = {
			isa = PBXGroup;
			children = (
				66D6DFD81526DCC8003200EB /* TextMatch */,
				66D6DFD11526DCC8003200EB /* Frameworks */,
				66D6DFCF1526DCC8003200EB /* Products */,
			);
			sourceTree = "<group>";
		};
		66D6DFCF1526DCC8003200EB /* Products */ = {
			isa = PBXGroup;
			children = (
				66D6DFCE1526DCC8003200EB /* TextMatch.app */,
			);
			name = Products;
			sourceTree = "<group>";
		};
		66D6DFD11526DCC8003200EB /* Frameworks */ = {
			isa = PBXGroup;
			children = (
				66D6DFD21526DCC8003200EB /* UIKit.framework */,
				66D6DFD41526DCC8003200EB /* Foundation.framework */,
				66D6DFD61526DCC8003200EB /* CoreGraphics.framework */,
			);
			name = Frameworks;
			sourceTree = "<group>";
		};
		66D6DFD81526DCC8003200EB /* TextMatch */ = {
			isa = PBXGroup;
			children = (
				66111E7C1527696F00F49023 /* TextMatchReadMe.txt */,
				66D6DFFB152702DC003200EB /* fly4mino.png */,
				66D6DFEF1526F20F003200EB /* fly1omin.png */,
				66D6DFE11526DCC8003200EB /* AppDelegate.h */,
				66D6DFE21526DCC8003200EB /* AppDelegate.m */,
				66D6DFE41526DCC8003200EB /* MainStoryboard.storyboard */,
				66D6DFE71526DCC8003200EB /* ViewController.h */,
				66D6DFE81526DCC8003200EB /* ViewController.m */,
				66D6DFD91526DCC8003200EB /* Supporting Files */,
			);
			path = TextMatch;
			sourceTree = "<group>";
		};
		66D6DFD91526DCC8003200EB /* Supporting Files */ = {
			isa = PBXGroup;
			children = (
				66D6DFDA1526DCC8003200EB /* TextMatch-Info.plist */,
				66D6DFDB1526DCC8003200EB /* InfoPlist.strings */,
				66D6DFDE1526DCC8003200EB /* main.m */,
				66D6DFE01526DCC8003200EB /* TextMatch-Prefix.pch */,
			);
			name = "Supporting Files";
			sourceTree = "<group>";
		};
/* End PBXGroup section */

/* Begin PBXNativeTarget section */
		66D6DFCD1526DCC8003200EB /* TextMatch */ = {
			isa = PBXNativeTarget;
			buildConfigurationList = 66D6DFEC1526DCC8003200EB /* Build configuration list for PBXNativeTarget "TextMatch" */;
			buildPhases = (
				66D6DFCA1526DCC8003200EB /* Sources */,
				66D6DFCB1526DCC8003200EB /* Frameworks */,
				66D6DFCC1526DCC8003200EB /* Resources */,
			);
			buildRules = (
			);
			dependencies = (
			);
			name = TextMatch;
			productName = TextMatch;
			productReference = 66D6DFCE1526DCC8003200EB /* TextMatch.app */;
			productType = "com.apple.product-type.application";
		};
/* End PBXNativeTarget section */

/* Begin PBXProject section */
		66D6DFC51526DCC8003200EB /* Project object */ = {
			isa = PBXProject;
			attributes = {
				LastUpgradeCheck = 0420;
			};
			buildConfigurationList = 66D6DFC81526DCC8003200EB /* Build configuration list for PBXProject "TextMatch" */;
			compatibilityVersion = "Xcode 3.2";
			developmentRegion = English;
			hasScannedForEncodings = 0;
			knownRegions = (
				en,
			);
			mainGroup = 66D6DFC31526DCC8003200EB;
			productRefGroup = 66D6DFCF1526DCC8003200EB /* Products */;
			projectDirPath = "";
			projectRoot = "";
			targets = (
				66D6DFCD1526DCC8003200EB /* TextMatch */,
			);
		};
/* End PBXProject section */

/* Begin PBXResourcesBuildPhase section */
		66D6DFCC1526DCC8003200EB /* Resources */ = {
			isa = PBXResourcesBuildPhase;
			buildActionMask = 2147483647;
			files = (
				66D6DFDD1526DCC8003200EB /* InfoPlist.strings in Resources */,
				66D6DFE61526DCC8003200EB /* MainStoryboard.storyboard in Resources */,
				66D6DFF01526F20F003200EB /* fly1omin.png in Resources */,
				66D6DFFC152702DC003200EB /* fly4mino.png in Resources */,
				66111E7D1527696F00F49023 /* TextMatchReadMe.txt in Resources */,
			);
			runOnlyForDeploymentPostprocessing = 0;
		};
/* End PBXResourcesBuildPhase section */

/* Begin PBXSourcesBuildPhase section */
		66D6DFCA1526DCC8003200EB /* Sources */ = {
			isa = PBXSourcesBuildPhase;
			buildActionMask = 2147483647;
			files = (
				66D6DFDF1526DCC8003200EB /* main.m in Sources */,
				66D6DFE31526DCC8003200EB /* AppDelegate.m in Sources */,
				66D6DFE91526DCC8003200EB /* ViewController.m in Sources */,
			);
			runOnlyForDeploymentPostprocessing = 0;
		};
/* End PBXSourcesBuildPhase section */

/* Begin PBXVariantGroup section */
		66D6DFDB1526DCC8003200EB /* InfoPlist.strings */ = {
			isa = PBXVariantGroup;
			children = (
				66D6DFDC1526DCC8003200EB /* en */,
			);
			name = InfoPlist.strings;
			sourceTree = "<group>";
		};
		66D6DFE41526DCC8003200EB /* MainStoryboard.storyboard */ = {
			isa = PBXVariantGroup;
			children = (
				66D6DFE51526DCC8003200EB /* en */,
			);
			name = MainStoryboard.storyboard;
			sourceTree = "<group>";
		};
/* End PBXVariantGroup section */

/* Begin XCBuildConfiguration section */
		66D6DFEA1526DCC8003200EB /* Debug */ = {
			isa = XCBuildConfiguration;
			buildSettings = {
				ALWAYS_SEARCH_USER_PATHS = NO;
				ARCHS = "$(ARCHS_STANDARD_32_BIT)";
				CLANG_ENABLE_OBJC_ARC = YES;
				"CODE_SIGN_IDENTITY[sdk=iphoneos*]" = "iPhone Developer";
				COPY_PHASE_STRIP = NO;
				GCC_C_LANGUAGE_STANDARD = gnu99;
				GCC_DYNAMIC_NO_PIC = NO;
				GCC_OPTIMIZATION_LEVEL = 0;
				GCC_PREPROCESSOR_DEFINITIONS = (
					"DEBUG=1",
					"$(inherited)",
				);
				GCC_SYMBOLS_PRIVATE_EXTERN = NO;
				GCC_VERSION = com.apple.compilers.llvm.clang.1_0;
				GCC_WARN_ABOUT_MISSING_PROTOTYPES = YES;
				GCC_WARN_ABOUT_RETURN_TYPE = YES;
				GCC_WARN_UNUSED_VARIABLE = YES;
				IPHONEOS_DEPLOYMENT_TARGET = 5.0;
				SDKROOT = iphoneos;
			};
			name = Debug;
		};
		66D6DFEB1526DCC8003200EB /* Release */ = {
			isa = XCBuildConfiguration;
			buildSettings = {
				ALWAYS_SEARCH_USER_PATHS = NO;
				ARCHS = "$(ARCHS_STANDARD_32_BIT)";
				CLANG_ENABLE_OBJC_ARC = YES;
				"CODE_SIGN_IDENTITY[sdk=iphoneos*]" = "iPhone Developer";
				COPY_PHASE_STRIP = YES;
				GCC_C_LANGUAGE_STANDARD = gnu99;
				GCC_VERSION = com.apple.compilers.llvm.clang.1_0;
				GCC_WARN_ABOUT_MISSING_PROTOTYPES = YES;
				GCC_WARN_ABOUT_RETURN_TYPE = YES;
				GCC_WARN_UNUSED_VARIABLE = YES;
				IPHONEOS_DEPLOYMENT_TARGET = 5.0;
				OTHER_CFLAGS = "-DNS_BLOCK_ASSERTIONS=1";
				SDKROOT = iphoneos;
				VALIDATE_PRODUCT = YES;
			};
			name = Release;
		};
		66D6DFED1526DCC8003200EB /* Debug */ = {
			isa = XCBuildConfiguration;
			buildSettings = {
				GCC_PRECOMPILE_PREFIX_HEADER = YES;
				GCC_PREFIX_HEADER = "TextMatch/TextMatch-Prefix.pch";
				INFOPLIST_FILE = "TextMatch/TextMatch-Info.plist";
				PRODUCT_NAME = "$(TARGET_NAME)";
				WRAPPER_EXTENSION = app;
			};
			name = Debug;
		};
		66D6DFEE1526DCC8003200EB /* Release */ = {
			isa = XCBuildConfiguration;
			buildSettings = {
				GCC_PRECOMPILE_PREFIX_HEADER = YES;
				GCC_PREFIX_HEADER = "TextMatch/TextMatch-Prefix.pch";
				INFOPLIST_FILE = "TextMatch/TextMatch-Info.plist";
				PRODUCT_NAME = "$(TARGET_NAME)";
				WRAPPER_EXTENSION = app;
			};
			name = Release;
		};
/* End XCBuildConfiguration section */

/* Begin XCConfigurationList section */
		66D6DFC81526DCC8003200EB /* Build configuration list for PBXProject "TextMatch" */ = {
			isa = XCConfigurationList;
			buildConfigurations = (
				66D6DFEA1526DCC8003200EB /* Debug */,
				66D6DFEB1526DCC8003200EB /* Release */,
			);
			defaultConfigurationIsVisible = 0;
			defaultConfigurationName = Release;
		};
		66D6DFEC1526DCC8003200EB /* Build configuration list for PBXNativeTarget "TextMatch" */ = {
			isa = XCConfigurationList;
			buildConfigurations = (
				66D6DFED1526DCC8003200EB /* Debug */,
				66D6DFEE1526DCC8003200EB /* Release */,
			);
			defaultConfigurationIsVisible = 0;
			defaultConfigurationName = Release;
		};
/* End XCConfigurationList section */
	};
	rootObject = 66D6DFC51526DCC8003200EB /* Project object */;
}
